// !$*UTF8*$!
{
	archiveVersion = 1;
	classes = {
	};
	objectVersion = 56;
	objects = {

/* Begin PBXBuildFile section */
		7E6FDE142AE15F9800190C3B /* AppDelegate.swift in Sources */ = {isa = PBXBuildFile; fileRef = 7E6FDE132AE15F9800190C3B /* AppDelegate.swift */; };
		7E6FDE162AE15F9800190C3B /* GameScene.sks in Resources */ = {isa = PBXBuildFile; fileRef = 7E6FDE152AE15F9800190C3B /* GameScene.sks */; };
		7E6FDE182AE15F9800190C3B /* Actions.sks in Resources */ = {isa = PBXBuildFile; fileRef = 7E6FDE172AE15F9800190C3B /* Actions.sks */; };
		7E6FDE1A2AE15F9800190C3B /* GameScene.swift in Sources */ = {isa = PBXBuildFile; fileRef = 7E6FDE192AE15F9800190C3B /* GameScene.swift */; };
		7E6FDE1C2AE15F9800190C3B /* GameViewController.swift in Sources */ = {isa = PBXBuildFile; fileRef = 7E6FDE1B2AE15F9800190C3B /* GameViewController.swift */; };
		7E6FDE1F2AE15F9800190C3B /* Main.storyboard in Resources */ = {isa = PBXBuildFile; fileRef = 7E6FDE1D2AE15F9800190C3B /* Main.storyboard */; };
		7E6FDE212AE15F9A00190C3B /* Assets.xcassets in Resources */ = {isa = PBXBuildFile; fileRef = 7E6FDE202AE15F9A00190C3B /* Assets.xcassets */; };
		7E6FDE242AE15F9A00190C3B /* LaunchScreen.storyboard in Resources */ = {isa = PBXBuildFile; fileRef = 7E6FDE222AE15F9A00190C3B /* LaunchScreen.storyboard */; };
		7E6FDE2E2AE15F9A00190C3B /* SpaceInvaderNineTests.swift in Sources */ = {isa = PBXBuildFile; fileRef = 7E6FDE2D2AE15F9A00190C3B /* SpaceInvaderNineTests.swift */; };
		7E6FDE382AE15F9A00190C3B /* SpaceInvaderNineUITests.swift in Sources */ = {isa = PBXBuildFile; fileRef = 7E6FDE372AE15F9A00190C3B /* SpaceInvaderNineUITests.swift */; };
		7E6FDE3A2AE15F9A00190C3B /* SpaceInvaderNineUITestsLaunchTests.swift in Sources */ = {isa = PBXBuildFile; fileRef = 7E6FDE392AE15F9A00190C3B /* SpaceInvaderNineUITestsLaunchTests.swift */; };
/* End PBXBuildFile section */

/* Begin PBXContainerItemProxy section */
		7E6FDE2A2AE15F9A00190C3B /* PBXContainerItemProxy */ = {
			isa = PBXContainerItemProxy;
			containerPortal = 7E6FDE082AE15F9800190C3B /* Project object */;
			proxyType = 1;
			remoteGlobalIDString = 7E6FDE0F2AE15F9800190C3B;
			remoteInfo = SpaceInvaderNine;
		};
		7E6FDE342AE15F9A00190C3B /* PBXContainerItemProxy */ = {
			isa = PBXContainerItemProxy;
			containerPortal = 7E6FDE082AE15F9800190C3B /* Project object */;
			proxyType = 1;
			remoteGlobalIDString = 7E6FDE0F2AE15F9800190C3B;
			remoteInfo = SpaceInvaderNine;
		};
/* End PBXContainerItemProxy section */

/* Begin PBXFileReference section */
		7E6FDE102AE15F9800190C3B /* SpaceInvaderNine.app */ = {isa = PBXFileReference; explicitFileType = wrapper.application; includeInIndex = 0; path = SpaceInvaderNine.app; sourceTree = BUILT_PRODUCTS_DIR; };
		7E6FDE132AE15F9800190C3B /* AppDelegate.swift */ = {isa = PBXFileReference; lastKnownFileType = sourcecode.swift; path = AppDelegate.swift; sourceTree = "<group>"; };
		7E6FDE152AE15F9800190C3B /* GameScene.sks */ = {isa = PBXFileReference; lastKnownFileType = file.sks; path = GameScene.sks; sourceTree = "<group>"; };
		7E6FDE172AE15F9800190C3B /* Actions.sks */ = {isa = PBXFileReference; lastKnownFileType = file.sks; path = Actions.sks; sourceTree = "<group>"; };
		7E6FDE192AE15F9800190C3B /* GameScene.swift */ = {isa = PBXFileReference; lastKnownFileType = sourcecode.swift; path = GameScene.swift; sourceTree = "<group>"; };
		7E6FDE1B2AE15F9800190C3B /* GameViewController.swift */ = {isa = PBXFileReference; lastKnownFileType = sourcecode.swift; path = GameViewController.swift; sourceTree = "<group>"; };
		7E6FDE1E2AE15F9800190C3B /* Base */ = {isa = PBXFileReference; lastKnownFileType = file.storyboard; name = Base; path = Base.lproj/Main.storyboard; sourceTree = "<group>"; };
		7E6FDE202AE15F9A00190C3B /* Assets.xcassets */ = {isa = PBXFileReference; lastKnownFileType = folder.assetcatalog; path = Assets.xcassets; sourceTree = "<group>"; };
		7E6FDE232AE15F9A00190C3B /* Base */ = {isa = PBXFileReference; lastKnownFileType = file.storyboard; name = Base; path = Base.lproj/LaunchScreen.storyboard; sourceTree = "<group>"; };
		7E6FDE292AE15F9A00190C3B /* SpaceInvaderNineTests.xctest */ = {isa = PBXFileReference; explicitFileType = wrapper.cfbundle; includeInIndex = 0; path = SpaceInvaderNineTests.xctest; sourceTree = BUILT_PRODUCTS_DIR; };
		7E6FDE2D2AE15F9A00190C3B /* SpaceInvaderNineTests.swift */ = {isa = PBXFileReference; lastKnownFileType = sourcecode.swift; path = SpaceInvaderNineTests.swift; sourceTree = "<group>"; };
		7E6FDE332AE15F9A00190C3B /* SpaceInvaderNineUITests.xctest */ = {isa = PBXFileReference; explicitFileType = wrapper.cfbundle; includeInIndex = 0; path = SpaceInvaderNineUITests.xctest; sourceTree = BUILT_PRODUCTS_DIR; };
		7E6FDE372AE15F9A00190C3B /* SpaceInvaderNineUITests.swift */ = {isa = PBXFileReference; lastKnownFileType = sourcecode.swift; path = SpaceInvaderNineUITests.swift; sourceTree = "<group>"; };
		7E6FDE392AE15F9A00190C3B /* SpaceInvaderNineUITestsLaunchTests.swift */ = {isa = PBXFileReference; lastKnownFileType = sourcecode.swift; path = SpaceInvaderNineUITestsLaunchTests.swift; sourceTree = "<group>"; };
/* End PBXFileReference section */

/* Begin PBXFrameworksBuildPhase section */
		7E6FDE0D2AE15F9800190C3B /* Frameworks */ = {
			isa = PBXFrameworksBuildPhase;
			buildActionMask = 2147483647;
			files = (
			);
			runOnlyForDeploymentPostprocessing = 0;
		};
		7E6FDE262AE15F9A00190C3B /* Frameworks */ = {
			isa = PBXFrameworksBuildPhase;
			buildActionMask = 2147483647;
			files = (
			);
			runOnlyForDeploymentPostprocessing = 0;
		};
		7E6FDE302AE15F9A00190C3B /* Frameworks */ = {
			isa = PBXFrameworksBuildPhase;
			buildActionMask = 2147483647;
			files = (
			);
			runOnlyForDeploymentPostprocessing = 0;
		};
/* End PBXFrameworksBuildPhase section */

/* Begin PBXGroup section */
		7E6FDE072AE15F9800190C3B = {
			isa = PBXGroup;
			children = (
				7E6FDE122AE15F9800190C3B /* SpaceInvaderNine */,
				7E6FDE2C2AE15F9A00190C3B /* SpaceInvaderNineTests */,
				7E6FDE362AE15F9A00190C3B /* SpaceInvaderNineUITests */,
				7E6FDE112AE15F9800190C3B /* Products */,
			);
			sourceTree = "<group>";
		};
		7E6FDE112AE15F9800190C3B /* Products */ = {
			isa = PBXGroup;
			children = (
				7E6FDE102AE15F9800190C3B /* SpaceInvaderNine.app */,
				7E6FDE292AE15F9A00190C3B /* SpaceInvaderNineTests.xctest */,
				7E6FDE332AE15F9A00190C3B /* SpaceInvaderNineUITests.xctest */,
			);
			name = Products;
			sourceTree = "<group>";
		};
		7E6FDE122AE15F9800190C3B /* SpaceInvaderNine */ = {
			isa = PBXGroup;
			children = (
				7E6FDE132AE15F9800190C3B /* AppDelegate.swift */,
				7E6FDE152AE15F9800190C3B /* GameScene.sks */,
				7E6FDE172AE15F9800190C3B /* Actions.sks */,
				7E6FDE192AE15F9800190C3B /* GameScene.swift */,
				7E6FDE1B2AE15F9800190C3B /* GameViewController.swift */,
				7E6FDE1D2AE15F9800190C3B /* Main.storyboard */,
				7E6FDE202AE15F9A00190C3B /* Assets.xcassets */,
				7E6FDE222AE15F9A00190C3B /* LaunchScreen.storyboard */,
			);
			path = SpaceInvaderNine;
			sourceTree = "<group>";
		};
		7E6FDE2C2AE15F9A00190C3B /* SpaceInvaderNineTests */ = {
			isa = PBXGroup;
			children = (
				7E6FDE2D2AE15F9A00190C3B /* SpaceInvaderNineTests.swift */,
			);
			path = SpaceInvaderNineTests;
			sourceTree = "<group>";
		};
		7E6FDE362AE15F9A00190C3B /* SpaceInvaderNineUITests */ = {
			isa = PBXGroup;
			children = (
				7E6FDE372AE15F9A00190C3B /* SpaceInvaderNineUITests.swift */,
				7E6FDE392AE15F9A00190C3B /* SpaceInvaderNineUITestsLaunchTests.swift */,
			);
			path = SpaceInvaderNineUITests;
			sourceTree = "<group>";
		};
/* End PBXGroup section */

/* Begin PBXNativeTarget section */
		7E6FDE0F2AE15F9800190C3B /* SpaceInvaderNine */ = {
			isa = PBXNativeTarget;
			buildConfigurationList = 7E6FDE3D2AE15F9A00190C3B /* Build configuration list for PBXNativeTarget "SpaceInvaderNine" */;
			buildPhases = (
				7E6FDE0C2AE15F9800190C3B /* Sources */,
				7E6FDE0D2AE15F9800190C3B /* Frameworks */,
				7E6FDE0E2AE15F9800190C3B /* Resources */,
			);
			buildRules = (
			);
			dependencies = (
			);
			name = SpaceInvaderNine;
			productName = SpaceInvaderNine;
			productReference = 7E6FDE102AE15F9800190C3B /* SpaceInvaderNine.app */;
			productType = "com.apple.product-type.application";
		};
		7E6FDE282AE15F9A00190C3B /* SpaceInvaderNineTests */ = {
			isa = PBXNativeTarget;
			buildConfigurationList = 7E6FDE402AE15F9A00190C3B /* Build configuration list for PBXNativeTarget "SpaceInvaderNineTests" */;
			buildPhases = (
				7E6FDE252AE15F9A00190C3B /* Sources */,
				7E6FDE262AE15F9A00190C3B /* Frameworks */,
				7E6FDE272AE15F9A00190C3B /* Resources */,
			);
			buildRules = (
			);
			dependencies = (
				7E6FDE2B2AE15F9A00190C3B /* PBXTargetDependency */,
			);
			name = SpaceInvaderNineTests;
			productName = SpaceInvaderNineTests;
			productReference = 7E6FDE292AE15F9A00190C3B /* SpaceInvaderNineTests.xctest */;
			productType = "com.apple.product-type.bundle.unit-test";
		};
		7E6FDE322AE15F9A00190C3B /* SpaceInvaderNineUITests */ = {
			isa = PBXNativeTarget;
			buildConfigurationList = 7E6FDE432AE15F9A00190C3B /* Build configuration list for PBXNativeTarget "SpaceInvaderNineUITests" */;
			buildPhases = (
				7E6FDE2F2AE15F9A00190C3B /* Sources */,
				7E6FDE302AE15F9A00190C3B /* Frameworks */,
				7E6FDE312AE15F9A00190C3B /* Resources */,
			);
			buildRules = (
			);
			dependencies = (
				7E6FDE352AE15F9A00190C3B /* PBXTargetDependency */,
			);
			name = SpaceInvaderNineUITests;
			productName = SpaceInvaderNineUITests;
			productReference = 7E6FDE332AE15F9A00190C3B /* SpaceInvaderNineUITests.xctest */;
			productType = "com.apple.product-type.bundle.ui-testing";
		};
/* End PBXNativeTarget section */

/* Begin PBXProject section */
		7E6FDE082AE15F9800190C3B /* Project object */ = {
			isa = PBXProject;
			attributes = {
				BuildIndependentTargetsInParallel = 1;
				LastSwiftUpdateCheck = 1430;
				LastUpgradeCheck = 1430;
				TargetAttributes = {
					7E6FDE0F2AE15F9800190C3B = {
						CreatedOnToolsVersion = 14.3.1;
					};
					7E6FDE282AE15F9A00190C3B = {
						CreatedOnToolsVersion = 14.3.1;
						TestTargetID = 7E6FDE0F2AE15F9800190C3B;
					};
					7E6FDE322AE15F9A00190C3B = {
						CreatedOnToolsVersion = 14.3.1;
						TestTargetID = 7E6FDE0F2AE15F9800190C3B;
					};
				};
			};
			buildConfigurationList = 7E6FDE0B2AE15F9800190C3B /* Build configuration list for PBXProject "SpaceInvaderNine" */;
			compatibilityVersion = "Xcode 14.0";
			developmentRegion = en;
			hasScannedForEncodings = 0;
			knownRegions = (
				en,
				Base,
			);
			mainGroup = 7E6FDE072AE15F9800190C3B;
			productRefGroup = 7E6FDE112AE15F9800190C3B /* Products */;
			projectDirPath = "";
			projectRoot = "";
			targets = (
				7E6FDE0F2AE15F9800190C3B /* SpaceInvaderNine */,
				7E6FDE282AE15F9A00190C3B /* SpaceInvaderNineTests */,
				7E6FDE322AE15F9A00190C3B /* SpaceInvaderNineUITests */,
			);
		};
/* End PBXProject section */

/* Begin PBXResourcesBuildPhase section */
		7E6FDE0E2AE15F9800190C3B /* Resources */ = {
			isa = PBXResourcesBuildPhase;
			buildActionMask = 2147483647;
			files = (
				7E6FDE1F2AE15F9800190C3B /* Main.storyboard in Resources */,
				7E6FDE162AE15F9800190C3B /* GameScene.sks in Resources */,
				7E6FDE212AE15F9A00190C3B /* Assets.xcassets in Resources */,
				7E6FDE242AE15F9A00190C3B /* LaunchScreen.storyboard in Resources */,
				7E6FDE182AE15F9800190C3B /* Actions.sks in Resources */,
			);
			runOnlyForDeploymentPostprocessing = 0;
		};
		7E6FDE272AE15F9A00190C3B /* Resources */ = {
			isa = PBXResourcesBuildPhase;
			buildActionMask = 2147483647;
			files = (
			);
			runOnlyForDeploymentPostprocessing = 0;
		};
		7E6FDE312AE15F9A00190C3B /* Resources */ = {
			isa = PBXResourcesBuildPhase;
			buildActionMask = 2147483647;
			files = (
			);
			runOnlyForDeploymentPostprocessing = 0;
		};
/* End PBXResourcesBuildPhase section */

/* Begin PBXSourcesBuildPhase section */
		7E6FDE0C2AE15F9800190C3B /* Sources */ = {
			isa = PBXSourcesBuildPhase;
			buildActionMask = 2147483647;
			files = (
				7E6FDE1A2AE15F9800190C3B /* GameScene.swift in Sources */,
				7E6FDE1C2AE15F9800190C3B /* GameViewController.swift in Sources */,
				7E6FDE142AE15F9800190C3B /* AppDelegate.swift in Sources */,
			);
			runOnlyForDeploymentPostprocessing = 0;
		};
		7E6FDE252AE15F9A00190C3B /* Sources */ = {
			isa = PBXSourcesBuildPhase;
			buildActionMask = 2147483647;
			files = (
				7E6FDE2E2AE15F9A00190C3B /* SpaceInvaderNineTests.swift in Sources */,
			);
			runOnlyForDeploymentPostprocessing = 0;
		};
		7E6FDE2F2AE15F9A00190C3B /* Sources */ = {
			isa = PBXSourcesBuildPhase;
			buildActionMask = 2147483647;
			files = (
				7E6FDE382AE15F9A00190C3B /* SpaceInvaderNineUITests.swift in Sources */,
				7E6FDE3A2AE15F9A00190C3B /* SpaceInvaderNineUITestsLaunchTests.swift in Sources */,
			);
			runOnlyForDeploymentPostprocessing = 0;
		};
/* End PBXSourcesBuildPhase section */

/* Begin PBXTargetDependency section */
		7E6FDE2B2AE15F9A00190C3B /* PBXTargetDependency */ = {
			isa = PBXTargetDependency;
			target = 7E6FDE0F2AE15F9800190C3B /* SpaceInvaderNine */;
			targetProxy = 7E6FDE2A2AE15F9A00190C3B /* PBXContainerItemProxy */;
		};
		7E6FDE352AE15F9A00190C3B /* PBXTargetDependency */ = {
			isa = PBXTargetDependency;
			target = 7E6FDE0F2AE15F9800190C3B /* SpaceInvaderNine */;
			targetProxy = 7E6FDE342AE15F9A00190C3B /* PBXContainerItemProxy */;
		};
/* End PBXTargetDependency section */

/* Begin PBXVariantGroup section */
		7E6FDE1D2AE15F9800190C3B /* Main.storyboard */ = {
			isa = PBXVariantGroup;
			children = (
				7E6FDE1E2AE15F9800190C3B /* Base */,
			);
			name = Main.storyboard;
			sourceTree = "<group>";
		};
		7E6FDE222AE15F9A00190C3B /* LaunchScreen.storyboard */ = {
			isa = PBXVariantGroup;
			children = (
				7E6FDE232AE15F9A00190C3B /* Base */,
			);
			name = LaunchScreen.storyboard;
			sourceTree = "<group>";
		};
/* End PBXVariantGroup section */

/* Begin XCBuildConfiguration section */
		7E6FDE3B2AE15F9A00190C3B /* Debug */ = {
			isa = XCBuildConfiguration;
			buildSettings = {
				ALWAYS_SEARCH_USER_PATHS = NO;
				CLANG_ANALYZER_NONNULL = YES;
				CLANG_ANALYZER_NUMBER_OBJECT_CONVERSION = YES_AGGRESSIVE;
				CLANG_CXX_LANGUAGE_STANDARD = "gnu++20";
				CLANG_ENABLE_MODULES = YES;
				CLANG_ENABLE_OBJC_ARC = YES;
				CLANG_ENABLE_OBJC_WEAK = YES;
				CLANG_WARN_BLOCK_CAPTURE_AUTORELEASING = YES;
				CLANG_WARN_BOOL_CONVERSION = YES;
				CLANG_WARN_COMMA = YES;
				CLANG_WARN_CONSTANT_CONVERSION = YES;
				CLANG_WARN_DEPRECATED_OBJC_IMPLEMENTATIONS = YES;
				CLANG_WARN_DIRECT_OBJC_ISA_USAGE = YES_ERROR;
				CLANG_WARN_DOCUMENTATION_COMMENTS = YES;
				CLANG_WARN_EMPTY_BODY = YES;
				CLANG_WARN_ENUM_CONVERSION = YES;
				CLANG_WARN_INFINITE_RECURSION = YES;
				CLANG_WARN_INT_CONVERSION = YES;
				CLANG_WARN_NON_LITERAL_NULL_CONVERSION = YES;
				CLANG_WARN_OBJC_IMPLICIT_RETAIN_SELF = YES;
				CLANG_WARN_OBJC_LITERAL_CONVERSION = YES;
				CLANG_WARN_OBJC_ROOT_CLASS = YES_ERROR;
				CLANG_WARN_QUOTED_INCLUDE_IN_FRAMEWORK_HEADER = YES;
				CLANG_WARN_RANGE_LOOP_ANALYSIS = YES;
				CLANG_WARN_STRICT_PROTOTYPES = YES;
				CLANG_WARN_SUSPICIOUS_MOVE = YES;
				CLANG_WARN_UNGUARDED_AVAILABILITY = YES_AGGRESSIVE;
				CLANG_WARN_UNREACHABLE_CODE = YES;
				CLANG_WARN__DUPLICATE_METHOD_MATCH = YES;
				COPY_PHASE_STRIP = NO;
				DEBUG_INFORMATION_FORMAT = dwarf;
				ENABLE_STRICT_OBJC_MSGSEND = YES;
				ENABLE_TESTABILITY = YES;
				GCC_C_LANGUAGE_STANDARD = gnu11;
				GCC_DYNAMIC_NO_PIC = NO;
				GCC_NO_COMMON_BLOCKS = YES;
				GCC_OPTIMIZATION_LEVEL = 0;
				GCC_PREPROCESSOR_DEFINITIONS = (
					"DEBUG=1",
					"$(inherited)",
				);
				GCC_WARN_64_TO_32_BIT_CONVERSION = YES;
				GCC_WARN_ABOUT_RETURN_TYPE = YES_ERROR;
				GCC_WARN_UNDECLARED_SELECTOR = YES;
				GCC_WARN_UNINITIALIZED_AUTOS = YES_AGGRESSIVE;
				GCC_WARN_UNUSED_FUNCTION = YES;
				GCC_WARN_UNUSED_VARIABLE = YES;
				IPHONEOS_DEPLOYMENT_TARGET = 16.4;
				MTL_ENABLE_DEBUG_INFO = INCLUDE_SOURCE;
				MTL_FAST_MATH = YES;
				ONLY_ACTIVE_ARCH = YES;
				SDKROOT = iphoneos;
				SWIFT_ACTIVE_COMPILATION_CONDITIONS = DEBUG;
				SWIFT_OPTIMIZATION_LEVEL = "-Onone";
			};
			name = Debug;
		};
		7E6FDE3C2AE15F9A00190C3B /* Release */ = {
			isa = XCBuildConfiguration;
			buildSettings = {
				ALWAYS_SEARCH_USER_PATHS = NO;
				CLANG_ANALYZER_NONNULL = YES;
				CLANG_ANALYZER_NUMBER_OBJECT_CONVERSION = YES_AGGRESSIVE;
				CLANG_CXX_LANGUAGE_STANDARD = "gnu++20";
				CLANG_ENABLE_MODULES = YES;
				CLANG_ENABLE_OBJC_ARC = YES;
				CLANG_ENABLE_OBJC_WEAK = YES;
				CLANG_WARN_BLOCK_CAPTURE_AUTORELEASING = YES;
				CLANG_WARN_BOOL_CONVERSION = YES;
				CLANG_WARN_COMMA = YES;
				CLANG_WARN_CONSTANT_CONVERSION = YES;
				CLANG_WARN_DEPRECATED_OBJC_IMPLEMENTATIONS = YES;
				CLANG_WARN_DIRECT_OBJC_ISA_USAGE = YES_ERROR;
				CLANG_WARN_DOCUMENTATION_COMMENTS = YES;
				CLANG_WARN_EMPTY_BODY = YES;
				CLANG_WARN_ENUM_CONVERSION = YES;
				CLANG_WARN_INFINITE_RECURSION = YES;
				CLANG_WARN_INT_CONVERSION = YES;
				CLANG_WARN_NON_LITERAL_NULL_CONVERSION = YES;
				CLANG_WARN_OBJC_IMPLICIT_RETAIN_SELF = YES;
				CLANG_WARN_OBJC_LITERAL_CONVERSION = YES;
				CLANG_WARN_OBJC_ROOT_CLASS = YES_ERROR;
				CLANG_WARN_QUOTED_INCLUDE_IN_FRAMEWORK_HEADER = YES;
				CLANG_WARN_RANGE_LOOP_ANALYSIS = YES;
				CLANG_WARN_STRICT_PROTOTYPES = YES;
				CLANG_WARN_SUSPICIOUS_MOVE = YES;
				CLANG_WARN_UNGUARDED_AVAILABILITY = YES_AGGRESSIVE;
				CLANG_WARN_UNREACHABLE_CODE = YES;
				CLANG_WARN__DUPLICATE_METHOD_MATCH = YES;
				COPY_PHASE_STRIP = NO;
				DEBUG_INFORMATION_FORMAT = "dwarf-with-dsym";
				ENABLE_NS_ASSERTIONS = NO;
				ENABLE_STRICT_OBJC_MSGSEND = YES;
				GCC_C_LANGUAGE_STANDARD = gnu11;
				GCC_NO_COMMON_BLOCKS = YES;
				GCC_WARN_64_TO_32_BIT_CONVERSION = YES;
				GCC_WARN_ABOUT_RETURN_TYPE = YES_ERROR;
				GCC_WARN_UNDECLARED_SELECTOR = YES;
				GCC_WARN_UNINITIALIZED_AUTOS = YES_AGGRESSIVE;
				GCC_WARN_UNUSED_FUNCTION = YES;
				GCC_WARN_UNUSED_VARIABLE = YES;
				IPHONEOS_DEPLOYMENT_TARGET = 16.4;
				MTL_ENABLE_DEBUG_INFO = NO;
				MTL_FAST_MATH = YES;
				SDKROOT = iphoneos;
				SWIFT_COMPILATION_MODE = wholemodule;
				SWIFT_OPTIMIZATION_LEVEL = "-O";
				VALIDATE_PRODUCT = YES;
			};
			name = Release;
		};
		7E6FDE3E2AE15F9A00190C3B /* Debug */ = {
			isa = XCBuildConfiguration;
			buildSettings = {
				ASSETCATALOG_COMPILER_APPICON_NAME = AppIcon;
				ASSETCATALOG_COMPILER_GLOBAL_ACCENT_COLOR_NAME = AccentColor;
				CODE_SIGN_STYLE = Automatic;
				CURRENT_PROJECT_VERSION = 1;
				GENERATE_INFOPLIST_FILE = YES;
				INFOPLIST_KEY_UIApplicationSupportsIndirectInputEvents = YES;
				INFOPLIST_KEY_UILaunchStoryboardName = LaunchScreen;
				INFOPLIST_KEY_UIMainStoryboardFile = Main;
				INFOPLIST_KEY_UIStatusBarHidden = YES;
				INFOPLIST_KEY_UISupportedInterfaceOrientations_iPad = "UIInterfaceOrientationPortrait UIInterfaceOrientationPortraitUpsideDown UIInterfaceOrientationLandscapeLeft UIInterfaceOrientationLandscapeRight";
				INFOPLIST_KEY_UISupportedInterfaceOrientations_iPhone = "UIInterfaceOrientationPortrait UIInterfaceOrientationLandscapeLeft UIInterfaceOrientationLandscapeRight";
				LD_RUNPATH_SEARCH_PATHS = (
					"$(inherited)",
					"@executable_path/Frameworks",
				);
				MARKETING_VERSION = 1.0;
				PRODUCT_BUNDLE_IDENTIFIER = fr.serkox.SpaceInvaderNine;
				PRODUCT_NAME = "$(TARGET_NAME)";
				SWIFT_EMIT_LOC_STRINGS = YES;
				SWIFT_VERSION = 5.0;
				TARGETED_DEVICE_FAMILY = "1,2";
			};
			name = Debug;
		};
		7E6FDE3F2AE15F9A00190C3B /* Release */ = {
			isa = XCBuildConfiguration;
			buildSettings = {
				ASSETCATALOG_COMPILER_APPICON_NAME = AppIcon;
				ASSETCATALOG_COMPILER_GLOBAL_ACCENT_COLOR_NAME = AccentColor;
				CODE_SIGN_STYLE = Automatic;
				CURRENT_PROJECT_VERSION = 1;
				GENERATE_INFOPLIST_FILE = YES;
				INFOPLIST_KEY_UIApplicationSupportsIndirectInputEvents = YES;
				INFOPLIST_KEY_UILaunchStoryboardName = LaunchScreen;
				INFOPLIST_KEY_UIMainStoryboardFile = Main;
				INFOPLIST_KEY_UIStatusBarHidden = YES;
				INFOPLIST_KEY_UISupportedInterfaceOrientations_iPad = "UIInterfaceOrientationPortrait UIInterfaceOrientationPortraitUpsideDown UIInterfaceOrientationLandscapeLeft UIInterfaceOrientationLandscapeRight";
				INFOPLIST_KEY_UISupportedInterfaceOrientations_iPhone = "UIInterfaceOrientationPortrait UIInterfaceOrientationLandscapeLeft UIInterfaceOrientationLandscapeRight";
				LD_RUNPATH_SEARCH_PATHS = (
					"$(inherited)",
					"@executable_path/Frameworks",
				);
				MARKETING_VERSION = 1.0;
				PRODUCT_BUNDLE_IDENTIFIER = fr.serkox.SpaceInvaderNine;
				PRODUCT_NAME = "$(TARGET_NAME)";
				SWIFT_EMIT_LOC_STRINGS = YES;
				SWIFT_VERSION = 5.0;
				TARGETED_DEVICE_FAMILY = "1,2";
			};
			name = Release;
		};
		7E6FDE412AE15F9A00190C3B /* Debug */ = {
			isa = XCBuildConfiguration;
			buildSettings = {
				ALWAYS_EMBED_SWIFT_STANDARD_LIBRARIES = YES;
				BUNDLE_LOADER = "$(TEST_HOST)";
				CODE_SIGN_STYLE = Automatic;
				CURRENT_PROJECT_VERSION = 1;
				GENERATE_INFOPLIST_FILE = YES;
				IPHONEOS_DEPLOYMENT_TARGET = 16.4;
				MARKETING_VERSION = 1.0;
				PRODUCT_BUNDLE_IDENTIFIER = fr.serkox.SpaceInvaderNineTests;
				PRODUCT_NAME = "$(TARGET_NAME)";
				SWIFT_EMIT_LOC_STRINGS = NO;
				SWIFT_VERSION = 5.0;
				TARGETED_DEVICE_FAMILY = "1,2";
				TEST_HOST = "$(BUILT_PRODUCTS_DIR)/SpaceInvaderNine.app/$(BUNDLE_EXECUTABLE_FOLDER_PATH)/SpaceInvaderNine";
			};
			name = Debug;
		};
		7E6FDE422AE15F9A00190C3B /* Release */ = {
			isa = XCBuildConfiguration;
			buildSettings = {
				ALWAYS_EMBED_SWIFT_STANDARD_LIBRARIES = YES;
				BUNDLE_LOADER = "$(TEST_HOST)";
				CODE_SIGN_STYLE = Automatic;
				CURRENT_PROJECT_VERSION = 1;
				GENERATE_INFOPLIST_FILE = YES;
				IPHONEOS_DEPLOYMENT_TARGET = 16.4;
				MARKETING_VERSION = 1.0;
				PRODUCT_BUNDLE_IDENTIFIER = fr.serkox.SpaceInvaderNineTests;
				PRODUCT_NAME = "$(TARGET_NAME)";
				SWIFT_EMIT_LOC_STRINGS = NO;
				SWIFT_VERSION = 5.0;
				TARGETED_DEVICE_FAMILY = "1,2";
				TEST_HOST = "$(BUILT_PRODUCTS_DIR)/SpaceInvaderNine.app/$(BUNDLE_EXECUTABLE_FOLDER_PATH)/SpaceInvaderNine";
			};
			name = Release;
		};
		7E6FDE442AE15F9A00190C3B /* Debug */ = {
			isa = XCBuildConfiguration;
			buildSettings = {
				ALWAYS_EMBED_SWIFT_STANDARD_LIBRARIES = YES;
				CODE_SIGN_STYLE = Automatic;
				CURRENT_PROJECT_VERSION = 1;
				GENERATE_INFOPLIST_FILE = YES;
				MARKETING_VERSION = 1.0;
				PRODUCT_BUNDLE_IDENTIFIER = fr.serkox.SpaceInvaderNineUITests;
				PRODUCT_NAME = "$(TARGET_NAME)";
				SWIFT_EMIT_LOC_STRINGS = NO;
				SWIFT_VERSION = 5.0;
				TARGETED_DEVICE_FAMILY = "1,2";
				TEST_TARGET_NAME = SpaceInvaderNine;
			};
			name = Debug;
		};
		7E6FDE452AE15F9A00190C3B /* Release */ = {
			isa = XCBuildConfiguration;
			buildSettings = {
				ALWAYS_EMBED_SWIFT_STANDARD_LIBRARIES = YES;
				CODE_SIGN_STYLE = Automatic;
				CURRENT_PROJECT_VERSION = 1;
				GENERATE_INFOPLIST_FILE = YES;
				MARKETING_VERSION = 1.0;
				PRODUCT_BUNDLE_IDENTIFIER = fr.serkox.SpaceInvaderNineUITests;
				PRODUCT_NAME = "$(TARGET_NAME)";
				SWIFT_EMIT_LOC_STRINGS = NO;
				SWIFT_VERSION = 5.0;
				TARGETED_DEVICE_FAMILY = "1,2";
				TEST_TARGET_NAME = SpaceInvaderNine;
			};
			name = Release;
		};
/* End XCBuildConfiguration section */

/* Begin XCConfigurationList section */
		7E6FDE0B2AE15F9800190C3B /* Build configuration list for PBXProject "SpaceInvaderNine" */ = {
			isa = XCConfigurationList;
			buildConfigurations = (
				7E6FDE3B2AE15F9A00190C3B /* Debug */,
				7E6FDE3C2AE15F9A00190C3B /* Release */,
			);
			defaultConfigurationIsVisible = 0;
			defaultConfigurationName = Release;
		};
		7E6FDE3D2AE15F9A00190C3B /* Build configuration list for PBXNativeTarget "SpaceInvaderNine" */ = {
			isa = XCConfigurationList;
			buildConfigurations = (
				7E6FDE3E2AE15F9A00190C3B /* Debug */,
				7E6FDE3F2AE15F9A00190C3B /* Release */,
			);
			defaultConfigurationIsVisible = 0;
			defaultConfigurationName = Release;
		};
		7E6FDE402AE15F9A00190C3B /* Build configuration list for PBXNativeTarget "SpaceInvaderNineTests" */ = {
			isa = XCConfigurationList;
			buildConfigurations = (
				7E6FDE412AE15F9A00190C3B /* Debug */,
				7E6FDE422AE15F9A00190C3B /* Release */,
			);
			defaultConfigurationIsVisible = 0;
			defaultConfigurationName = Release;
		};
		7E6FDE432AE15F9A00190C3B /* Build configuration list for PBXNativeTarget "SpaceInvaderNineUITests" */ = {
			isa = XCConfigurationList;
			buildConfigurations = (
				7E6FDE442AE15F9A00190C3B /* Debug */,
				7E6FDE452AE15F9A00190C3B /* Release */,
			);
			defaultConfigurationIsVisible = 0;
			defaultConfigurationName = Release;
		};
/* End XCConfigurationList section */
	};
	rootObject = 7E6FDE082AE15F9800190C3B /* Project object */;
}
